
Microsoft Visual Studio Solution File, Format Version 12.00
# Visual Studio Version 16
VisualStudioVersion = 16.0.30011.22
MinimumVisualStudioVersion = 10.0.40219.1
Project("{2150E333-8FDC-42A3-9474-1A3956D46DE8}") = "tests", "tests", "{5070E8A0-B0D3-4041-A6D6-39AEBB71AADF}"
EndProject
Project("{2150E333-8FDC-42A3-9474-1A3956D46DE8}") = "src", "src", "{088782F9-FA59-4A76-8FC7-28DEDFF0D76B}"
EndProject
Project("{FAE04EC0-301F-11D3-BF4B-00C04F79EFBC}") = "OziTrading.Integrations", "OziTrading.Integrations\OziTrading.Integrations.csproj", "{D372F400-441E-4FFF-9AB6-C805A3C8C29A}"
EndProject
Project("{FAE04EC0-301F-11D3-BF4B-00C04F79EFBC}") = "OziTrading.WebApi", "OziTrading.WebApi\OziTrading.WebApi.csproj", "{2E2F614A-B898-43A0-9E6C-C9CB7C82D3B1}"
EndProject
Global
	GlobalSection(SolutionConfigurationPlatforms) = preSolution
		Debug|Any CPU = Debug|Any CPU
		Release|Any CPU = Release|Any CPU
	EndGlobalSection
	GlobalSection(ProjectConfigurationPlatforms) = postSolution
		{D372F400-441E-4FFF-9AB6-C805A3C8C29A}.Debug|Any CPU.ActiveCfg = Debug|Any CPU
		{D372F400-441E-4FFF-9AB6-C805A3C8C29A}.Debug|Any CPU.Build.0 = Debug|Any CPU
		{D372F400-441E-4FFF-9AB6-C805A3C8C29A}.Release|Any CPU.ActiveCfg = Release|Any CPU
		{D372F400-441E-4FFF-9AB6-C805A3C8C29A}.Release|Any CPU.Build.0 = Release|Any CPU
		{2E2F614A-B898-43A0-9E6C-C9CB7C82D3B1}.Debug|Any CPU.ActiveCfg = Debug|Any CPU
		{2E2F614A-B898-43A0-9E6C-C9CB7C82D3B1}.Debug|Any CPU.Build.0 = Debug|Any CPU
		{2E2F614A-B898-43A0-9E6C-C9CB7C82D3B1}.Release|Any CPU.ActiveCfg = Release|Any CPU
		{2E2F614A-B898-43A0-9E6C-C9CB7C82D3B1}.Release|Any CPU.Build.0 = Release|Any CPU
	EndGlobalSection
	GlobalSection(SolutionProperties) = preSolution
		HideSolutionNode = FALSE
	EndGlobalSection
	GlobalSection(NestedProjects) = preSolution
		{D372F400-441E-4FFF-9AB6-C805A3C8C29A} = {088782F9-FA59-4A76-8FC7-28DEDFF0D76B}
		{2E2F614A-B898-43A0-9E6C-C9CB7C82D3B1} = {088782F9-FA59-4A76-8FC7-28DEDFF0D76B}
	EndGlobalSection
	GlobalSection(ExtensibilityGlobals) = postSolution
		SolutionGuid = {90A3AFF3-C1A6-4EF3-9547-EB339ACB3837}
	EndGlobalSection
EndGlobal
